
Microsoft Visual Studio Solution File, Format Version 12.00
# Visual Studio Version 16
VisualStudioVersion = 16.0.30621.155
MinimumVisualStudioVersion = 10.0.40219.1
Project("{9A19103F-16F7-4668-BE54-9A1E7A4F7556}") = "GraphTools", "GraphTools\GraphTools.csproj", "{BE204B14-11C7-45EF-9452-06C7BA2BE2E3}"
EndProject
Project("{FAE04EC0-301F-11D3-BF4B-00C04F79EFBC}") = "GraphTools.Tests", "GraphTools.Tests\GraphTools.Tests.csproj", "{370AE539-7211-4C0D-9059-04E0108D6401}"
EndProject
Global
	GlobalSection(SolutionConfigurationPlatforms) = preSolution
		Debug|Any CPU = Debug|Any CPU
		Release|Any CPU = Release|Any CPU
	EndGlobalSection
	GlobalSection(ProjectConfigurationPlatforms) = postSolution
		{BE204B14-11C7-45EF-9452-06C7BA2BE2E3}.Debug|Any CPU.ActiveCfg = Debug|Any CPU
		{BE204B14-11C7-45EF-9452-06C7BA2BE2E3}.Debug|Any CPU.Build.0 = Debug|Any CPU
		{BE204B14-11C7-45EF-9452-06C7BA2BE2E3}.Release|Any CPU.ActiveCfg = Release|Any CPU
		{BE204B14-11C7-45EF-9452-06C7BA2BE2E3}.Release|Any CPU.Build.0 = Release|Any CPU
		{370AE539-7211-4C0D-9059-04E0108D6401}.Debug|Any CPU.ActiveCfg = Debug|Any CPU
		{370AE539-7211-4C0D-9059-04E0108D6401}.Debug|Any CPU.Build.0 = Debug|Any CPU
		{370AE539-7211-4C0D-9059-04E0108D6401}.Release|Any CPU.ActiveCfg = Release|Any CPU
		{370AE539-7211-4C0D-9059-04E0108D6401}.Release|Any CPU.Build.0 = Release|Any CPU
	EndGlobalSection
	GlobalSection(SolutionProperties) = preSolution
		HideSolutionNode = FALSE
	EndGlobalSection
	GlobalSection(ExtensibilityGlobals) = postSolution
		SolutionGuid = {BC0847B8-6D7C-4CC5-86D7-3F3C57BFD159}
	EndGlobalSection
EndGlobal
