
Microsoft Visual Studio Solution File, Format Version 12.00
# Visual Studio Version 16
VisualStudioVersion = 16.0.30717.126
MinimumVisualStudioVersion = 10.0.40219.1
Project("{FAE04EC0-301F-11D3-BF4B-00C04F79EFBC}") = "BigOExamples", "BigOExamples\BigOExamples.csproj", "{C2B82A3C-8657-44E7-895C-B39F7CE04068}"
EndProject
Global
	GlobalSection(SolutionConfigurationPlatforms) = preSolution
		Debug|Any CPU = Debug|Any CPU
		Release|Any CPU = Release|Any CPU
	EndGlobalSection
	GlobalSection(ProjectConfigurationPlatforms) = postSolution
		{C2B82A3C-8657-44E7-895C-B39F7CE04068}.Debug|Any CPU.ActiveCfg = Debug|Any CPU
		{C2B82A3C-8657-44E7-895C-B39F7CE04068}.Debug|Any CPU.Build.0 = Debug|Any CPU
		{C2B82A3C-8657-44E7-895C-B39F7CE04068}.Release|Any CPU.ActiveCfg = Release|Any CPU
		{C2B82A3C-8657-44E7-895C-B39F7CE04068}.Release|Any CPU.Build.0 = Release|Any CPU
	EndGlobalSection
	GlobalSection(SolutionProperties) = preSolution
		HideSolutionNode = FALSE
	EndGlobalSection
	GlobalSection(ExtensibilityGlobals) = postSolution
		SolutionGuid = {7A5B4F8F-8F08-465B-94C1-AD0A203EF439}
	EndGlobalSection
EndGlobal
